// !$*UTF8*$!
{
	archiveVersion = 1;
	classes = {
	};
	objectVersion = 55;
	objects = {

/* Begin PBXBuildFile section */
		0AC6F538FA1B142E2FCE0351 /* Pods_Videomator.framework in Frameworks */ = {isa = PBXBuildFile; fileRef = CE9B7650DA986D97E01986CB /* Pods_Videomator.framework */; };
		973C441C28846EB700DF1A03 /* TimingManager.swift in Sources */ = {isa = PBXBuildFile; fileRef = 973C441B28846EB600DF1A03 /* TimingManager.swift */; };
		973C441E28849B1100DF1A03 /* frozen_inference_graph.pb in Resources */ = {isa = PBXBuildFile; fileRef = 973C441D28849B1100DF1A03 /* frozen_inference_graph.pb */; };
		973C442028849B2000DF1A03 /* frozen_inference.pbtxt in Resources */ = {isa = PBXBuildFile; fileRef = 973C441F28849B2000DF1A03 /* frozen_inference.pbtxt */; };
		973C44222884E2CF00DF1A03 /* MyNSSliderCell+setShadow.swift in Sources */ = {isa = PBXBuildFile; fileRef = 973C44212884E2CF00DF1A03 /* MyNSSliderCell+setShadow.swift */; };
		973C44242884E30F00DF1A03 /* ImageView+setShadow.swift in Sources */ = {isa = PBXBuildFile; fileRef = 973C44232884E30F00DF1A03 /* ImageView+setShadow.swift */; };
		973C442628850D7D00DF1A03 /* MyNSTextFieldCell.swift in Sources */ = {isa = PBXBuildFile; fileRef = 973C442528850D7D00DF1A03 /* MyNSTextFieldCell.swift */; };
		973C63E7287AFF0600FA8091 /* eng.traineddata in Resources */ = {isa = PBXBuildFile; fileRef = 973C63E6287AFF0600FA8091 /* eng.traineddata */; };
		973C63E9287B007E00FA8091 /* james-deane-drifting-s15.jpg in Resources */ = {isa = PBXBuildFile; fileRef = 973C63E8287B007E00FA8091 /* james-deane-drifting-s15.jpg */; };
		973C63EC287B02C500FA8091 /* ResourcesManager.swift in Sources */ = {isa = PBXBuildFile; fileRef = 973C63EB287B02C500FA8091 /* ResourcesManager.swift */; };
		9751AA862879955600901709 /* BlurerWrapper.mm in Sources */ = {isa = PBXBuildFile; fileRef = 9751AA852879955600901709 /* BlurerWrapper.mm */; };
		9756331D28B2758B00AA811E /* libCORE_API.dylib in Frameworks */ = {isa = PBXBuildFile; fileRef = 9756331C28B2758B00AA811E /* libCORE_API.dylib */; };
		9756331E28B2758B00AA811E /* libCORE_API.dylib in Embed Libraries */ = {isa = PBXBuildFile; fileRef = 9756331C28B2758B00AA811E /* libCORE_API.dylib */; settings = {ATTRIBUTES = (CodeSignOnCopy, ); }; };
		97879464287CA3E300EF9CE9 /* VideoManager.swift in Sources */ = {isa = PBXBuildFile; fileRef = 97879463287CA3E300EF9CE9 /* VideoManager.swift */; };
		97929E60287B418600EDE975 /* MyNSButtonCell.swift in Sources */ = {isa = PBXBuildFile; fileRef = 97929E5E287B418600EDE975 /* MyNSButtonCell.swift */; };
		97929E63287B47D600EDE975 /* MyNSSliderCell.swift in Sources */ = {isa = PBXBuildFile; fileRef = 97929E62287B47D600EDE975 /* MyNSSliderCell.swift */; };
		97EFA9FC2878BC7B00C90CA4 /* AppDelegate.swift in Sources */ = {isa = PBXBuildFile; fileRef = 97EFA9FB2878BC7B00C90CA4 /* AppDelegate.swift */; };
		97EFA9FE2878BC7B00C90CA4 /* MainViewController.swift in Sources */ = {isa = PBXBuildFile; fileRef = 97EFA9FD2878BC7B00C90CA4 /* MainViewController.swift */; };
		97EFAA002878BC8400C90CA4 /* Assets.xcassets in Resources */ = {isa = PBXBuildFile; fileRef = 97EFA9FF2878BC8400C90CA4 /* Assets.xcassets */; };
		97EFAA032878BC8400C90CA4 /* Main.storyboard in Resources */ = {isa = PBXBuildFile; fileRef = 97EFAA012878BC8400C90CA4 /* Main.storyboard */; };
/* End PBXBuildFile section */

/* Begin PBXCopyFilesBuildPhase section */
		9756331F28B2758B00AA811E /* Embed Libraries */ = {
			isa = PBXCopyFilesBuildPhase;
			buildActionMask = 2147483647;
			dstPath = "";
			dstSubfolderSpec = 10;
			files = (
				9756331E28B2758B00AA811E /* libCORE_API.dylib in Embed Libraries */,
			);
			name = "Embed Libraries";
			runOnlyForDeploymentPostprocessing = 0;
		};
/* End PBXCopyFilesBuildPhase section */

/* Begin PBXFileReference section */
		0B47EB19C1563A53000E4A11 /* Pods-Videomator.debug.xcconfig */ = {isa = PBXFileReference; includeInIndex = 1; lastKnownFileType = text.xcconfig; name = "Pods-Videomator.debug.xcconfig"; path = "Target Support Files/Pods-Videomator/Pods-Videomator.debug.xcconfig"; sourceTree = "<group>"; };
		4763B7EACF3C9FA6B175446A /* Pods-Videomator.release.xcconfig */ = {isa = PBXFileReference; includeInIndex = 1; lastKnownFileType = text.xcconfig; name = "Pods-Videomator.release.xcconfig"; path = "Target Support Files/Pods-Videomator/Pods-Videomator.release.xcconfig"; sourceTree = "<group>"; };
		973C441B28846EB600DF1A03 /* TimingManager.swift */ = {isa = PBXFileReference; lastKnownFileType = sourcecode.swift; path = TimingManager.swift; sourceTree = "<group>"; };
		973C441D28849B1100DF1A03 /* frozen_inference_graph.pb */ = {isa = PBXFileReference; lastKnownFileType = file; path = frozen_inference_graph.pb; sourceTree = "<group>"; };
		973C441F28849B2000DF1A03 /* frozen_inference.pbtxt */ = {isa = PBXFileReference; fileEncoding = 4; lastKnownFileType = text; path = frozen_inference.pbtxt; sourceTree = "<group>"; };
		973C44212884E2CF00DF1A03 /* MyNSSliderCell+setShadow.swift */ = {isa = PBXFileReference; lastKnownFileType = sourcecode.swift; path = "MyNSSliderCell+setShadow.swift"; sourceTree = "<group>"; };
		973C44232884E30F00DF1A03 /* ImageView+setShadow.swift */ = {isa = PBXFileReference; lastKnownFileType = sourcecode.swift; path = "ImageView+setShadow.swift"; sourceTree = "<group>"; };
		973C442528850D7D00DF1A03 /* MyNSTextFieldCell.swift */ = {isa = PBXFileReference; lastKnownFileType = sourcecode.swift; path = MyNSTextFieldCell.swift; sourceTree = "<group>"; };
		973C63E6287AFF0600FA8091 /* eng.traineddata */ = {isa = PBXFileReference; lastKnownFileType = file; path = eng.traineddata; sourceTree = "<group>"; };
		973C63E8287B007E00FA8091 /* james-deane-drifting-s15.jpg */ = {isa = PBXFileReference; lastKnownFileType = image.jpeg; path = "james-deane-drifting-s15.jpg"; sourceTree = "<group>"; };
		973C63EB287B02C500FA8091 /* ResourcesManager.swift */ = {isa = PBXFileReference; lastKnownFileType = sourcecode.swift; path = ResourcesManager.swift; sourceTree = "<group>"; };
		9751AA81287994FF00901709 /* Videomator-Bridging-Header.h */ = {isa = PBXFileReference; lastKnownFileType = sourcecode.c.h; path = "Videomator-Bridging-Header.h"; sourceTree = "<group>"; };
		9751AA842879955600901709 /* BlurerWrapper.h */ = {isa = PBXFileReference; lastKnownFileType = sourcecode.c.h; path = BlurerWrapper.h; sourceTree = "<group>"; };
		9751AA852879955600901709 /* BlurerWrapper.mm */ = {isa = PBXFileReference; lastKnownFileType = sourcecode.cpp.objcpp; path = BlurerWrapper.mm; sourceTree = "<group>"; };
		9756331C28B2758B00AA811E /* libCORE_API.dylib */ = {isa = PBXFileReference; lastKnownFileType = "compiled.mach-o.dylib"; name = libCORE_API.dylib; path = Videomator_core/build/src/lib/libCORE_API.dylib; sourceTree = "<group>"; };
		97879463287CA3E300EF9CE9 /* VideoManager.swift */ = {isa = PBXFileReference; lastKnownFileType = sourcecode.swift; path = VideoManager.swift; sourceTree = "<group>"; };
		97929E5E287B418600EDE975 /* MyNSButtonCell.swift */ = {isa = PBXFileReference; fileEncoding = 4; lastKnownFileType = sourcecode.swift; path = MyNSButtonCell.swift; sourceTree = "<group>"; };
		97929E62287B47D600EDE975 /* MyNSSliderCell.swift */ = {isa = PBXFileReference; lastKnownFileType = sourcecode.swift; path = MyNSSliderCell.swift; sourceTree = "<group>"; };
		97EFA9F82878BC7B00C90CA4 /* Videomator.app */ = {isa = PBXFileReference; explicitFileType = wrapper.application; includeInIndex = 0; path = Videomator.app; sourceTree = BUILT_PRODUCTS_DIR; };
		97EFA9FB2878BC7B00C90CA4 /* AppDelegate.swift */ = {isa = PBXFileReference; lastKnownFileType = sourcecode.swift; path = AppDelegate.swift; sourceTree = "<group>"; };
		97EFA9FD2878BC7B00C90CA4 /* MainViewController.swift */ = {isa = PBXFileReference; lastKnownFileType = sourcecode.swift; path = MainViewController.swift; sourceTree = "<group>"; };
		97EFA9FF2878BC8400C90CA4 /* Assets.xcassets */ = {isa = PBXFileReference; lastKnownFileType = folder.assetcatalog; path = Assets.xcassets; sourceTree = "<group>"; };
		97EFAA022878BC8400C90CA4 /* Base */ = {isa = PBXFileReference; lastKnownFileType = file.storyboard; name = Base; path = Base.lproj/Main.storyboard; sourceTree = "<group>"; };
		97EFAA042878BC8400C90CA4 /* Videomator.entitlements */ = {isa = PBXFileReference; lastKnownFileType = text.plist.entitlements; path = Videomator.entitlements; sourceTree = "<group>"; };
		CE9B7650DA986D97E01986CB /* Pods_Videomator.framework */ = {isa = PBXFileReference; explicitFileType = wrapper.framework; includeInIndex = 0; path = Pods_Videomator.framework; sourceTree = BUILT_PRODUCTS_DIR; };
/* End PBXFileReference section */

/* Begin PBXFrameworksBuildPhase section */
		97EFA9F52878BC7B00C90CA4 /* Frameworks */ = {
			isa = PBXFrameworksBuildPhase;
			buildActionMask = 2147483647;
			files = (
				9756331D28B2758B00AA811E /* libCORE_API.dylib in Frameworks */,
				0AC6F538FA1B142E2FCE0351 /* Pods_Videomator.framework in Frameworks */,
			);
			runOnlyForDeploymentPostprocessing = 0;
		};
/* End PBXFrameworksBuildPhase section */

/* Begin PBXGroup section */
		61A92B035EB52C8EF5831CBE /* Pods */ = {
			isa = PBXGroup;
			children = (
				0B47EB19C1563A53000E4A11 /* Pods-Videomator.debug.xcconfig */,
				4763B7EACF3C9FA6B175446A /* Pods-Videomator.release.xcconfig */,
			);
			path = Pods;
			sourceTree = "<group>";
		};
		973C63EA287B014000FA8091 /* res */ = {
			isa = PBXGroup;
			children = (
				973C441F28849B2000DF1A03 /* frozen_inference.pbtxt */,
				973C441D28849B1100DF1A03 /* frozen_inference_graph.pb */,
				973C63E8287B007E00FA8091 /* james-deane-drifting-s15.jpg */,
				973C63E6287AFF0600FA8091 /* eng.traineddata */,
			);
			name = res;
			sourceTree = "<group>";
		};
		9751AA7C287993FD00901709 /* Frameworks */ = {
			isa = PBXGroup;
			children = (
				9756331C28B2758B00AA811E /* libCORE_API.dylib */,
				CE9B7650DA986D97E01986CB /* Pods_Videomator.framework */,
			);
			name = Frameworks;
			sourceTree = "<group>";
		};
		9751AA872879992A00901709 /* Wrapper */ = {
			isa = PBXGroup;
			children = (
				9751AA852879955600901709 /* BlurerWrapper.mm */,
				9751AA842879955600901709 /* BlurerWrapper.h */,
			);
			path = Wrapper;
			sourceTree = "<group>";
		};
		97879465287CFE1900EF9CE9 /* Managers */ = {
			isa = PBXGroup;
			children = (
				973C63EB287B02C500FA8091 /* ResourcesManager.swift */,
			);
			name = Managers;
			sourceTree = "<group>";
		};
		97879466287CFE2B00EF9CE9 /* VideoManagers */ = {
			isa = PBXGroup;
			children = (
				97879463287CA3E300EF9CE9 /* VideoManager.swift */,
				973C441B28846EB600DF1A03 /* TimingManager.swift */,
			);
			name = VideoManagers;
			sourceTree = "<group>";
		};
		97929E5D287B418600EDE975 /* Custom elements */ = {
			isa = PBXGroup;
			children = (
				97929E5E287B418600EDE975 /* MyNSButtonCell.swift */,
				97929E62287B47D600EDE975 /* MyNSSliderCell.swift */,
				973C44212884E2CF00DF1A03 /* MyNSSliderCell+setShadow.swift */,
				973C44232884E30F00DF1A03 /* ImageView+setShadow.swift */,
				973C442528850D7D00DF1A03 /* MyNSTextFieldCell.swift */,
			);
			path = "Custom elements";
			sourceTree = "<group>";
		};
		97EFA9EF2878BC7B00C90CA4 = {
			isa = PBXGroup;
			children = (
				97EFA9FA2878BC7B00C90CA4 /* Videomator */,
				97EFA9F92878BC7B00C90CA4 /* Products */,
				9751AA7C287993FD00901709 /* Frameworks */,
				61A92B035EB52C8EF5831CBE /* Pods */,
			);
			sourceTree = "<group>";
		};
		97EFA9F92878BC7B00C90CA4 /* Products */ = {
			isa = PBXGroup;
			children = (
				97EFA9F82878BC7B00C90CA4 /* Videomator.app */,
			);
			name = Products;
			sourceTree = "<group>";
		};
		97EFA9FA2878BC7B00C90CA4 /* Videomator */ = {
			isa = PBXGroup;
			children = (
				97879466287CFE2B00EF9CE9 /* VideoManagers */,
				97879465287CFE1900EF9CE9 /* Managers */,
				97929E5D287B418600EDE975 /* Custom elements */,
				973C63EA287B014000FA8091 /* res */,
				9751AA872879992A00901709 /* Wrapper */,
				97EFA9FB2878BC7B00C90CA4 /* AppDelegate.swift */,
				97EFA9FD2878BC7B00C90CA4 /* MainViewController.swift */,
				97EFA9FF2878BC8400C90CA4 /* Assets.xcassets */,
				97EFAA012878BC8400C90CA4 /* Main.storyboard */,
				97EFAA042878BC8400C90CA4 /* Videomator.entitlements */,
				9751AA81287994FF00901709 /* Videomator-Bridging-Header.h */,
			);
			path = Videomator;
			sourceTree = "<group>";
		};
/* End PBXGroup section */

/* Begin PBXNativeTarget section */
		97EFA9F72878BC7B00C90CA4 /* Videomator */ = {
			isa = PBXNativeTarget;
			buildConfigurationList = 97EFAA072878BC8400C90CA4 /* Build configuration list for PBXNativeTarget "Videomator" */;
			buildPhases = (
				E466A84921551190F9952ECD /* [CP] Check Pods Manifest.lock */,
				97EFA9F42878BC7B00C90CA4 /* Sources */,
				97EFA9F52878BC7B00C90CA4 /* Frameworks */,
				97EFA9F62878BC7B00C90CA4 /* Resources */,
				7ECD671BBC518BE3CC4B25A9 /* [CP] Embed Pods Frameworks */,
				9756331F28B2758B00AA811E /* Embed Libraries */,
			);
			buildRules = (
			);
			dependencies = (
			);
			name = Videomator;
			productName = Videomator;
			productReference = 97EFA9F82878BC7B00C90CA4 /* Videomator.app */;
			productType = "com.apple.product-type.application";
		};
/* End PBXNativeTarget section */

/* Begin PBXProject section */
		97EFA9F02878BC7B00C90CA4 /* Project object */ = {
			isa = PBXProject;
			attributes = {
				BuildIndependentTargetsInParallel = 1;
				LastSwiftUpdateCheck = 1340;
				LastUpgradeCheck = 1340;
				TargetAttributes = {
					97EFA9F72878BC7B00C90CA4 = {
						CreatedOnToolsVersion = 13.4.1;
						LastSwiftMigration = 1340;
					};
				};
			};
			buildConfigurationList = 97EFA9F32878BC7B00C90CA4 /* Build configuration list for PBXProject "Videomator" */;
			compatibilityVersion = "Xcode 13.0";
			developmentRegion = en;
			hasScannedForEncodings = 0;
			knownRegions = (
				en,
				Base,
			);
			mainGroup = 97EFA9EF2878BC7B00C90CA4;
			productRefGroup = 97EFA9F92878BC7B00C90CA4 /* Products */;
			projectDirPath = "";
			projectRoot = "";
			targets = (
				97EFA9F72878BC7B00C90CA4 /* Videomator */,
			);
		};
/* End PBXProject section */

/* Begin PBXResourcesBuildPhase section */
		97EFA9F62878BC7B00C90CA4 /* Resources */ = {
			isa = PBXResourcesBuildPhase;
			buildActionMask = 2147483647;
			files = (
				973C63E7287AFF0600FA8091 /* eng.traineddata in Resources */,
				97EFAA002878BC8400C90CA4 /* Assets.xcassets in Resources */,
				973C442028849B2000DF1A03 /* frozen_inference.pbtxt in Resources */,
				97EFAA032878BC8400C90CA4 /* Main.storyboard in Resources */,
				973C441E28849B1100DF1A03 /* frozen_inference_graph.pb in Resources */,
				973C63E9287B007E00FA8091 /* james-deane-drifting-s15.jpg in Resources */,
			);
			runOnlyForDeploymentPostprocessing = 0;
		};
/* End PBXResourcesBuildPhase section */

/* Begin PBXShellScriptBuildPhase section */
		7ECD671BBC518BE3CC4B25A9 /* [CP] Embed Pods Frameworks */ = {
			isa = PBXShellScriptBuildPhase;
			buildActionMask = 2147483647;
			files = (
			);
			inputFileListPaths = (
				"${PODS_ROOT}/Target Support Files/Pods-Videomator/Pods-Videomator-frameworks-${CONFIGURATION}-input-files.xcfilelist",
			);
			name = "[CP] Embed Pods Frameworks";
			outputFileListPaths = (
				"${PODS_ROOT}/Target Support Files/Pods-Videomator/Pods-Videomator-frameworks-${CONFIGURATION}-output-files.xcfilelist",
			);
			runOnlyForDeploymentPostprocessing = 0;
			shellPath = /bin/sh;
			shellScript = "\"${PODS_ROOT}/Target Support Files/Pods-Videomator/Pods-Videomator-frameworks.sh\"\n";
			showEnvVarsInLog = 0;
		};
		E466A84921551190F9952ECD /* [CP] Check Pods Manifest.lock */ = {
			isa = PBXShellScriptBuildPhase;
			buildActionMask = 2147483647;
			files = (
			);
			inputFileListPaths = (
			);
			inputPaths = (
				"${PODS_PODFILE_DIR_PATH}/Podfile.lock",
				"${PODS_ROOT}/Manifest.lock",
			);
			name = "[CP] Check Pods Manifest.lock";
			outputFileListPaths = (
			);
			outputPaths = (
				"$(DERIVED_FILE_DIR)/Pods-Videomator-checkManifestLockResult.txt",
			);
			runOnlyForDeploymentPostprocessing = 0;
			shellPath = /bin/sh;
			shellScript = "diff \"${PODS_PODFILE_DIR_PATH}/Podfile.lock\" \"${PODS_ROOT}/Manifest.lock\" > /dev/null\nif [ $? != 0 ] ; then\n    # print error to STDERR\n    echo \"error: The sandbox is not in sync with the Podfile.lock. Run 'pod install' or update your CocoaPods installation.\" >&2\n    exit 1\nfi\n# This output is used by Xcode 'outputs' to avoid re-running this script phase.\necho \"SUCCESS\" > \"${SCRIPT_OUTPUT_FILE_0}\"\n";
			showEnvVarsInLog = 0;
		};
/* End PBXShellScriptBuildPhase section */

/* Begin PBXSourcesBuildPhase section */
		97EFA9F42878BC7B00C90CA4 /* Sources */ = {
			isa = PBXSourcesBuildPhase;
			buildActionMask = 2147483647;
			files = (
				973C44242884E30F00DF1A03 /* ImageView+setShadow.swift in Sources */,
				9751AA862879955600901709 /* BlurerWrapper.mm in Sources */,
				97EFA9FE2878BC7B00C90CA4 /* MainViewController.swift in Sources */,
				973C44222884E2CF00DF1A03 /* MyNSSliderCell+setShadow.swift in Sources */,
				97EFA9FC2878BC7B00C90CA4 /* AppDelegate.swift in Sources */,
				973C63EC287B02C500FA8091 /* ResourcesManager.swift in Sources */,
				97929E60287B418600EDE975 /* MyNSButtonCell.swift in Sources */,
				97929E63287B47D600EDE975 /* MyNSSliderCell.swift in Sources */,
				973C441C28846EB700DF1A03 /* TimingManager.swift in Sources */,
				97879464287CA3E300EF9CE9 /* VideoManager.swift in Sources */,
				973C442628850D7D00DF1A03 /* MyNSTextFieldCell.swift in Sources */,
			);
			runOnlyForDeploymentPostprocessing = 0;
		};
/* End PBXSourcesBuildPhase section */

/* Begin PBXVariantGroup section */
		97EFAA012878BC8400C90CA4 /* Main.storyboard */ = {
			isa = PBXVariantGroup;
			children = (
				97EFAA022878BC8400C90CA4 /* Base */,
			);
			name = Main.storyboard;
			sourceTree = "<group>";
		};
/* End PBXVariantGroup section */

/* Begin XCBuildConfiguration section */
		97EFAA052878BC8400C90CA4 /* Debug */ = {
			isa = XCBuildConfiguration;
			buildSettings = {
				ALWAYS_SEARCH_USER_PATHS = NO;
				CLANG_ANALYZER_NONNULL = YES;
				CLANG_ANALYZER_NUMBER_OBJECT_CONVERSION = YES_AGGRESSIVE;
				CLANG_CXX_LANGUAGE_STANDARD = "compiler-default";
				CLANG_ENABLE_MODULES = YES;
				CLANG_ENABLE_OBJC_ARC = YES;
				CLANG_ENABLE_OBJC_WEAK = YES;
				CLANG_WARN_BLOCK_CAPTURE_AUTORELEASING = YES;
				CLANG_WARN_BOOL_CONVERSION = YES;
				CLANG_WARN_COMMA = YES;
				CLANG_WARN_CONSTANT_CONVERSION = YES;
				CLANG_WARN_DEPRECATED_OBJC_IMPLEMENTATIONS = YES;
				CLANG_WARN_DIRECT_OBJC_ISA_USAGE = YES_ERROR;
				CLANG_WARN_DOCUMENTATION_COMMENTS = YES;
				CLANG_WARN_EMPTY_BODY = YES;
				CLANG_WARN_ENUM_CONVERSION = YES;
				CLANG_WARN_INFINITE_RECURSION = YES;
				CLANG_WARN_INT_CONVERSION = YES;
				CLANG_WARN_NON_LITERAL_NULL_CONVERSION = YES;
				CLANG_WARN_OBJC_IMPLICIT_RETAIN_SELF = YES;
				CLANG_WARN_OBJC_LITERAL_CONVERSION = YES;
				CLANG_WARN_OBJC_ROOT_CLASS = YES_ERROR;
				CLANG_WARN_QUOTED_INCLUDE_IN_FRAMEWORK_HEADER = YES;
				CLANG_WARN_RANGE_LOOP_ANALYSIS = YES;
				CLANG_WARN_STRICT_PROTOTYPES = YES;
				CLANG_WARN_SUSPICIOUS_MOVE = YES;
				CLANG_WARN_UNGUARDED_AVAILABILITY = YES_AGGRESSIVE;
				CLANG_WARN_UNREACHABLE_CODE = YES;
				CLANG_WARN__DUPLICATE_METHOD_MATCH = YES;
				COPY_PHASE_STRIP = NO;
				DEBUG_INFORMATION_FORMAT = dwarf;
				ENABLE_APP_SANDBOX = NO;
				ENABLE_STRICT_OBJC_MSGSEND = YES;
				ENABLE_TESTABILITY = YES;
				GCC_C_LANGUAGE_STANDARD = "compiler-default";
				GCC_DYNAMIC_NO_PIC = NO;
				GCC_NO_COMMON_BLOCKS = YES;
				GCC_OPTIMIZATION_LEVEL = 0;
				GCC_PREPROCESSOR_DEFINITIONS = (
					"DEBUG=1",
					"$(inherited)",
				);
				GCC_WARN_64_TO_32_BIT_CONVERSION = YES;
				GCC_WARN_ABOUT_RETURN_TYPE = YES_ERROR;
				GCC_WARN_UNDECLARED_SELECTOR = YES;
				GCC_WARN_UNINITIALIZED_AUTOS = YES_AGGRESSIVE;
				GCC_WARN_UNUSED_FUNCTION = YES;
				GCC_WARN_UNUSED_VARIABLE = YES;
				MACOSX_DEPLOYMENT_TARGET = 12.3;
				MTL_ENABLE_DEBUG_INFO = INCLUDE_SOURCE;
				MTL_FAST_MATH = YES;
				ONLY_ACTIVE_ARCH = YES;
				SDKROOT = macosx;
				SWIFT_ACTIVE_COMPILATION_CONDITIONS = DEBUG;
				SWIFT_OPTIMIZATION_LEVEL = "-Onone";
			};
			name = Debug;
		};
		97EFAA062878BC8400C90CA4 /* Release */ = {
			isa = XCBuildConfiguration;
			buildSettings = {
				ALWAYS_SEARCH_USER_PATHS = NO;
				CLANG_ANALYZER_NONNULL = YES;
				CLANG_ANALYZER_NUMBER_OBJECT_CONVERSION = YES_AGGRESSIVE;
				CLANG_CXX_LANGUAGE_STANDARD = "compiler-default";
				CLANG_ENABLE_MODULES = YES;
				CLANG_ENABLE_OBJC_ARC = YES;
				CLANG_ENABLE_OBJC_WEAK = YES;
				CLANG_WARN_BLOCK_CAPTURE_AUTORELEASING = YES;
				CLANG_WARN_BOOL_CONVERSION = YES;
				CLANG_WARN_COMMA = YES;
				CLANG_WARN_CONSTANT_CONVERSION = YES;
				CLANG_WARN_DEPRECATED_OBJC_IMPLEMENTATIONS = YES;
				CLANG_WARN_DIRECT_OBJC_ISA_USAGE = YES_ERROR;
				CLANG_WARN_DOCUMENTATION_COMMENTS = YES;
				CLANG_WARN_EMPTY_BODY = YES;
				CLANG_WARN_ENUM_CONVERSION = YES;
				CLANG_WARN_INFINITE_RECURSION = YES;
				CLANG_WARN_INT_CONVERSION = YES;
				CLANG_WARN_NON_LITERAL_NULL_CONVERSION = YES;
				CLANG_WARN_OBJC_IMPLICIT_RETAIN_SELF = YES;
				CLANG_WARN_OBJC_LITERAL_CONVERSION = YES;
				CLANG_WARN_OBJC_ROOT_CLASS = YES_ERROR;
				CLANG_WARN_QUOTED_INCLUDE_IN_FRAMEWORK_HEADER = YES;
				CLANG_WARN_RANGE_LOOP_ANALYSIS = YES;
				CLANG_WARN_STRICT_PROTOTYPES = YES;
				CLANG_WARN_SUSPICIOUS_MOVE = YES;
				CLANG_WARN_UNGUARDED_AVAILABILITY = YES_AGGRESSIVE;
				CLANG_WARN_UNREACHABLE_CODE = YES;
				CLANG_WARN__DUPLICATE_METHOD_MATCH = YES;
				COPY_PHASE_STRIP = NO;
				DEBUG_INFORMATION_FORMAT = "dwarf-with-dsym";
				ENABLE_APP_SANDBOX = NO;
				ENABLE_NS_ASSERTIONS = NO;
				ENABLE_STRICT_OBJC_MSGSEND = YES;
				GCC_C_LANGUAGE_STANDARD = "compiler-default";
				GCC_NO_COMMON_BLOCKS = YES;
				GCC_WARN_64_TO_32_BIT_CONVERSION = YES;
				GCC_WARN_ABOUT_RETURN_TYPE = YES_ERROR;
				GCC_WARN_UNDECLARED_SELECTOR = YES;
				GCC_WARN_UNINITIALIZED_AUTOS = YES_AGGRESSIVE;
				GCC_WARN_UNUSED_FUNCTION = YES;
				GCC_WARN_UNUSED_VARIABLE = YES;
				MACOSX_DEPLOYMENT_TARGET = 12.3;
				MTL_ENABLE_DEBUG_INFO = NO;
				MTL_FAST_MATH = YES;
				SDKROOT = macosx;
				SWIFT_COMPILATION_MODE = wholemodule;
				SWIFT_OPTIMIZATION_LEVEL = "-O";
			};
			name = Release;
		};
		97EFAA082878BC8400C90CA4 /* Debug */ = {
			isa = XCBuildConfiguration;
			baseConfigurationReference = 0B47EB19C1563A53000E4A11 /* Pods-Videomator.debug.xcconfig */;
			buildSettings = {
				ASSETCATALOG_COMPILER_APPICON_NAME = AppIcon;
				ASSETCATALOG_COMPILER_GLOBAL_ACCENT_COLOR_NAME = AccentColor;
				CLANG_CXX_LANGUAGE_STANDARD = "compiler-default";
				CLANG_ENABLE_MODULES = YES;
				CODE_SIGN_ENTITLEMENTS = Videomator/Videomator.entitlements;
				CODE_SIGN_STYLE = Automatic;
				COMBINE_HIDPI_IMAGES = YES;
				CURRENT_PROJECT_VERSION = 1;
				EXCLUDED_ARCHS = arm64;
				GCC_C_LANGUAGE_STANDARD = "compiler-default";
				GENERATE_INFOPLIST_FILE = YES;
				HEADER_SEARCH_PATHS = "$(PROJECT_DIR)/Videomator_core/src";
				INFOPLIST_KEY_NSHumanReadableCopyright = "";
				INFOPLIST_KEY_NSMainStoryboardFile = Main;
				INFOPLIST_KEY_NSPrincipalClass = NSApplication;
				LD_RUNPATH_SEARCH_PATHS = (
					"$(inherited)",
					"@executable_path/../Frameworks",
				);
				LIBRARY_SEARCH_PATHS = (
					"$(inherited)",
					"$(PROJECT_DIR)/final_core/build/src/lib",
					"$(PROJECT_DIR)/Videomator_core/build/src/lib",
				);
				MARKETING_VERSION = 1.0;
				PRODUCT_BUNDLE_IDENTIFIER = ua.edu.ukma.litvinchuk.Videomator;
				PRODUCT_NAME = "$(TARGET_NAME)";
				SWIFT_EMIT_LOC_STRINGS = YES;
				SWIFT_OBJC_BRIDGING_HEADER = "Videomator/Videomator-Bridging-Header.h";
				SWIFT_OPTIMIZATION_LEVEL = "-Onone";
				SWIFT_VERSION = 5.0;
			};
			name = Debug;
		};
		97EFAA092878BC8400C90CA4 /* Release */ = {
			isa = XCBuildConfiguration;
			baseConfigurationReference = 4763B7EACF3C9FA6B175446A /* Pods-Videomator.release.xcconfig */;
			buildSettings = {
				ASSETCATALOG_COMPILER_APPICON_NAME = AppIcon;
				ASSETCATALOG_COMPILER_GLOBAL_ACCENT_COLOR_NAME = AccentColor;
				CLANG_CXX_LANGUAGE_STANDARD = "compiler-default";
				CLANG_ENABLE_MODULES = YES;
				CODE_SIGN_ENTITLEMENTS = Videomator/Videomator.entitlements;
				CODE_SIGN_STYLE = Automatic;
				COMBINE_HIDPI_IMAGES = YES;
				CURRENT_PROJECT_VERSION = 1;
				EXCLUDED_ARCHS = arm64;
				GCC_C_LANGUAGE_STANDARD = "compiler-default";
				GENERATE_INFOPLIST_FILE = YES;
				HEADER_SEARCH_PATHS = "$(PROJECT_DIR)/Videomator_core/src";
				INFOPLIST_KEY_NSHumanReadableCopyright = "";
				INFOPLIST_KEY_NSMainStoryboardFile = Main;
				INFOPLIST_KEY_NSPrincipalClass = NSApplication;
				LD_RUNPATH_SEARCH_PATHS = (
					"$(inherited)",
					"@executable_path/../Frameworks",
				);
				LIBRARY_SEARCH_PATHS = (
					"$(inherited)",
					"$(PROJECT_DIR)/final_core/build/src/lib",
					"$(PROJECT_DIR)/Videomator_core/build/src/lib",
				);
				MARKETING_VERSION = 1.0;
				PRODUCT_BUNDLE_IDENTIFIER = ua.edu.ukma.litvinchuk.Videomator;
				PRODUCT_NAME = "$(TARGET_NAME)";
				SWIFT_EMIT_LOC_STRINGS = YES;
				SWIFT_OBJC_BRIDGING_HEADER = "Videomator/Videomator-Bridging-Header.h";
				SWIFT_VERSION = 5.0;
			};
			name = Release;
		};
/* End XCBuildConfiguration section */

/* Begin XCConfigurationList section */
		97EFA9F32878BC7B00C90CA4 /* Build configuration list for PBXProject "Videomator" */ = {
			isa = XCConfigurationList;
			buildConfigurations = (
				97EFAA052878BC8400C90CA4 /* Debug */,
				97EFAA062878BC8400C90CA4 /* Release */,
			);
			defaultConfigurationIsVisible = 0;
			defaultConfigurationName = Release;
		};
		97EFAA072878BC8400C90CA4 /* Build configuration list for PBXNativeTarget "Videomator" */ = {
			isa = XCConfigurationList;
			buildConfigurations = (
				97EFAA082878BC8400C90CA4 /* Debug */,
				97EFAA092878BC8400C90CA4 /* Release */,
			);
			defaultConfigurationIsVisible = 0;
			defaultConfigurationName = Release;
		};
/* End XCConfigurationList section */
	};
	rootObject = 97EFA9F02878BC7B00C90CA4 /* Project object */;
}
